github.com/cyphar/filepath-securejoin v0.2.3 h1:YX6ebbZCZP7VkM3scTTokDgBL2TY741X51MTk3ycuNI=
github.com/cyphar/filepath-securejoin v0.2.3/go.mod h1:aPGpWjXOXUn2NCNjFvBE6aRxGGx79pTxQpKOJNYHHl4=
github.com/fluxcd/pkg/tar v0.1.0 h1:ObyUml8NJtGQtz/cRgexd7HU2mQsTmgjz2dtX4xdnng=
github.com/fluxcd/pkg/tar v0.1.0/go.mod h1:w0/TOC7kwBJhnSJn7TCABkc/I7ib1f2Yz6vOsbLBnhw=
