github.com/cyphar/filepath-securejoin v0.2.3 h1:YX6ebbZCZP7VkM3scTTokDgBL2TY741X51MTk3ycuNI=
github.com/cyphar/filepath-securejoin v0.2.3/go.mod h1:aPGpWjXOXUn2NCNjFvBE6aRxGGx79pTxQpKOJNYHHl4=
github.com/fluxcd/pkg/tar v0.2.0 h1:HEUHgONQYsJGeZZ4x6h5nQU9Aox1I4T3bOp1faWTqf8=
github.com/fluxcd/pkg/tar v0.2.0/go.mod h1:w0/TOC7kwBJhnSJn7TCABkc/I7ib1f2Yz6vOsbLBnhw=
